
Microsoft Visual Studio Solution File, Format Version 12.00
# Visual Studio 15
VisualStudioVersion = 15.0.28307.1267
MinimumVisualStudioVersion = 10.0.40219.1
Project("{FAE04EC0-301F-11D3-BF4B-00C04F79EFBC}") = "FirTree", "FirTree\FirTree.csproj", "{FB60CA62-40AF-4419-87A2-017B717BD7DF}"
EndProject
Global
	GlobalSection(SolutionConfigurationPlatforms) = preSolution
		Debug|Any CPU = Debug|Any CPU
		Release|Any CPU = Release|Any CPU
	EndGlobalSection
	GlobalSection(ProjectConfigurationPlatforms) = postSolution
		{FB60CA62-40AF-4419-87A2-017B717BD7DF}.Debug|Any CPU.ActiveCfg = Debug|Any CPU
		{FB60CA62-40AF-4419-87A2-017B717BD7DF}.Debug|Any CPU.Build.0 = Debug|Any CPU
		{FB60CA62-40AF-4419-87A2-017B717BD7DF}.Release|Any CPU.ActiveCfg = Release|Any CPU
		{FB60CA62-40AF-4419-87A2-017B717BD7DF}.Release|Any CPU.Build.0 = Release|Any CPU
	EndGlobalSection
	GlobalSection(SolutionProperties) = preSolution
		HideSolutionNode = FALSE
	EndGlobalSection
	GlobalSection(ExtensibilityGlobals) = postSolution
		SolutionGuid = {770D3303-76FD-427C-940B-8B1FE45BD3F6}
	EndGlobalSection
EndGlobal
